# This file is generated by running "yarn install" inside your project.
# Manual changes might be lost - proceed with caution!

__metadata:
  version: 7
  cacheKey: 9

"@esbuild/aix-ppc64@npm:0.19.12":
  version: 0.19.12
  resolution: "@esbuild/aix-ppc64@npm:0.19.12"
  conditions: os=aix & cpu=ppc64
  languageName: node
  linkType: hard

"@esbuild/android-arm64@npm:0.19.12":
  version: 0.19.12
  resolution: "@esbuild/android-arm64@npm:0.19.12"
  conditions: os=android & cpu=arm64
  languageName: node
  linkType: hard

"@esbuild/android-arm@npm:0.19.12":
  version: 0.19.12
  resolution: "@esbuild/android-arm@npm:0.19.12"
  conditions: os=android & cpu=arm
  languageName: node
  linkType: hard

"@esbuild/android-x64@npm:0.19.12":
  version: 0.19.12
  resolution: "@esbuild/android-x64@npm:0.19.12"
  conditions: os=android & cpu=x64
  languageName: node
  linkType: hard

"@esbuild/darwin-arm64@npm:0.19.12":
  version: 0.19.12
  resolution: "@esbuild/darwin-arm64@npm:0.19.12"
  conditions: os=darwin & cpu=arm64
  languageName: node
  linkType: hard

"@esbuild/darwin-x64@npm:0.19.12":
  version: 0.19.12
  resolution: "@esbuild/darwin-x64@npm:0.19.12"
  conditions: os=darwin & cpu=x64
  languageName: node
  linkType: hard

"@esbuild/freebsd-arm64@npm:0.19.12":
  version: 0.19.12
  resolution: "@esbuild/freebsd-arm64@npm:0.19.12"
  conditions: os=freebsd & cpu=arm64
  languageName: node
  linkType: hard

"@esbuild/freebsd-x64@npm:0.19.12":
  version: 0.19.12
  resolution: "@esbuild/freebsd-x64@npm:0.19.12"
  conditions: os=freebsd & cpu=x64
  languageName: node
  linkType: hard

"@esbuild/linux-arm64@npm:0.19.12":
  version: 0.19.12
  resolution: "@esbuild/linux-arm64@npm:0.19.12"
  conditions: os=linux & cpu=arm64
  languageName: node
  linkType: hard

"@esbuild/linux-arm@npm:0.19.12":
  version: 0.19.12
  resolution: "@esbuild/linux-arm@npm:0.19.12"
  conditions: os=linux & cpu=arm
  languageName: node
  linkType: hard

"@esbuild/linux-ia32@npm:0.19.12":
  version: 0.19.12
  resolution: "@esbuild/linux-ia32@npm:0.19.12"
  conditions: os=linux & cpu=ia32
  languageName: node
  linkType: hard

"@esbuild/linux-loong64@npm:0.19.12":
  version: 0.19.12
  resolution: "@esbuild/linux-loong64@npm:0.19.12"
  conditions: os=linux & cpu=loong64
  languageName: node
  linkType: hard

"@esbuild/linux-mips64el@npm:0.19.12":
  version: 0.19.12
  resolution: "@esbuild/linux-mips64el@npm:0.19.12"
  conditions: os=linux & cpu=mips64el
  languageName: node
  linkType: hard

"@esbuild/linux-ppc64@npm:0.19.12":
  version: 0.19.12
  resolution: "@esbuild/linux-ppc64@npm:0.19.12"
  conditions: os=linux & cpu=ppc64
  languageName: node
  linkType: hard

"@esbuild/linux-riscv64@npm:0.19.12":
  version: 0.19.12
  resolution: "@esbuild/linux-riscv64@npm:0.19.12"
  conditions: os=linux & cpu=riscv64
  languageName: node
  linkType: hard

"@esbuild/linux-s390x@npm:0.19.12":
  version: 0.19.12
  resolution: "@esbuild/linux-s390x@npm:0.19.12"
  conditions: os=linux & cpu=s390x
  languageName: node
  linkType: hard

"@esbuild/linux-x64@npm:0.19.12":
  version: 0.19.12
  resolution: "@esbuild/linux-x64@npm:0.19.12"
  conditions: os=linux & cpu=x64
  languageName: node
  linkType: hard

"@esbuild/netbsd-x64@npm:0.19.12":
  version: 0.19.12
  resolution: "@esbuild/netbsd-x64@npm:0.19.12"
  conditions: os=netbsd & cpu=x64
  languageName: node
  linkType: hard

"@esbuild/openbsd-x64@npm:0.19.12":
  version: 0.19.12
  resolution: "@esbuild/openbsd-x64@npm:0.19.12"
  conditions: os=openbsd & cpu=x64
  languageName: node
  linkType: hard

"@esbuild/sunos-x64@npm:0.19.12":
  version: 0.19.12
  resolution: "@esbuild/sunos-x64@npm:0.19.12"
  conditions: os=sunos & cpu=x64
  languageName: node
  linkType: hard

"@esbuild/win32-arm64@npm:0.19.12":
  version: 0.19.12
  resolution: "@esbuild/win32-arm64@npm:0.19.12"
  conditions: os=win32 & cpu=arm64
  languageName: node
  linkType: hard

"@esbuild/win32-ia32@npm:0.19.12":
  version: 0.19.12
  resolution: "@esbuild/win32-ia32@npm:0.19.12"
  conditions: os=win32 & cpu=ia32
  languageName: node
  linkType: hard

"@esbuild/win32-x64@npm:0.19.12":
  version: 0.19.12
  resolution: "@esbuild/win32-x64@npm:0.19.12"
  conditions: os=win32 & cpu=x64
  languageName: node
  linkType: hard

"@isaacs/cliui@npm:^8.0.2":
  version: 8.0.2
  resolution: "@isaacs/cliui@npm:8.0.2"
  dependencies:
    string-width: "npm:^5.1.2"
    string-width-cjs: "npm:string-width@^4.2.0"
    strip-ansi: "npm:^7.0.1"
    strip-ansi-cjs: "npm:strip-ansi@^6.0.1"
    wrap-ansi: "npm:^8.1.0"
    wrap-ansi-cjs: "npm:wrap-ansi@^7.0.0"
  checksum: b9a4e369729f32ccce5b5764a574da6bbaee7e746c2d9cf35a3701c2907ba82f9bf456602ebd23df537b418fd611d54eb5c5a8ee7d8841dc5dc16c28ede0b258
  languageName: node
  linkType: hard

"@npmcli/agent@npm:^2.0.0":
  version: 2.2.1
  resolution: "@npmcli/agent@npm:2.2.1"
  dependencies:
    agent-base: "npm:^7.1.0"
    http-proxy-agent: "npm:^7.0.0"
    https-proxy-agent: "npm:^7.0.1"
    lru-cache: "npm:^10.0.1"
    socks-proxy-agent: "npm:^8.0.1"
  checksum: a0752d41c8daac3a92742644f3df768238bf3d6daea472bc9477f2ab57530fab987cb7a7dc8002befd1ff4c28afd28f0c857f4657eff2429b93333fa8b6fef50
  languageName: node
  linkType: hard

"@npmcli/fs@npm:^3.1.0":
  version: 3.1.0
  resolution: "@npmcli/fs@npm:3.1.0"
  dependencies:
    semver: "npm:^7.3.5"
  checksum: c17d9f6a57aada6db66302ad0c02ad5df2984333385ba0a7883718cbc513f81ce2d4e41d3b949b05c387c2a49a2fdbfa0808b3cc640d0c1b9dce72a864811a30
  languageName: node
  linkType: hard

"@pkgjs/parseargs@npm:^0.11.0":
  version: 0.11.0
  resolution: "@pkgjs/parseargs@npm:0.11.0"
  checksum: 9e828530eb8d3e5370972114de393d9f9cfd368f8a7b541fd0d4497c2f046245e907e05f4e07259bdf91ade8f7a0806f36a67099fbf20f62496dc00b843e2252
  languageName: node
  linkType: hard

"@rollup/rollup-android-arm-eabi@npm:4.13.0":
  version: 4.13.0
  resolution: "@rollup/rollup-android-arm-eabi@npm:4.13.0"
  conditions: os=android & cpu=arm
  languageName: node
  linkType: hard

"@rollup/rollup-android-arm64@npm:4.13.0":
  version: 4.13.0
  resolution: "@rollup/rollup-android-arm64@npm:4.13.0"
  conditions: os=android & cpu=arm64
  languageName: node
  linkType: hard

"@rollup/rollup-darwin-arm64@npm:4.13.0":
  version: 4.13.0
  resolution: "@rollup/rollup-darwin-arm64@npm:4.13.0"
  conditions: os=darwin & cpu=arm64
  languageName: node
  linkType: hard

"@rollup/rollup-darwin-x64@npm:4.13.0":
  version: 4.13.0
  resolution: "@rollup/rollup-darwin-x64@npm:4.13.0"
  conditions: os=darwin & cpu=x64
  languageName: node
  linkType: hard

"@rollup/rollup-linux-arm-gnueabihf@npm:4.13.0":
  version: 4.13.0
  resolution: "@rollup/rollup-linux-arm-gnueabihf@npm:4.13.0"
  conditions: os=linux & cpu=arm
  languageName: node
  linkType: hard

"@rollup/rollup-linux-arm64-gnu@npm:4.13.0":
  version: 4.13.0
  resolution: "@rollup/rollup-linux-arm64-gnu@npm:4.13.0"
  conditions: os=linux & cpu=arm64 & libc=glibc
  languageName: node
  linkType: hard

"@rollup/rollup-linux-arm64-musl@npm:4.13.0":
  version: 4.13.0
  resolution: "@rollup/rollup-linux-arm64-musl@npm:4.13.0"
  conditions: os=linux & cpu=arm64 & libc=musl
  languageName: node
  linkType: hard

"@rollup/rollup-linux-riscv64-gnu@npm:4.13.0":
  version: 4.13.0
  resolution: "@rollup/rollup-linux-riscv64-gnu@npm:4.13.0"
  conditions: os=linux & cpu=riscv64 & libc=glibc
  languageName: node
  linkType: hard

"@rollup/rollup-linux-x64-gnu@npm:4.13.0":
  version: 4.13.0
  resolution: "@rollup/rollup-linux-x64-gnu@npm:4.13.0"
  conditions: os=linux & cpu=x64 & libc=glibc
  languageName: node
  linkType: hard

"@rollup/rollup-linux-x64-musl@npm:4.13.0":
  version: 4.13.0
  resolution: "@rollup/rollup-linux-x64-musl@npm:4.13.0"
  conditions: os=linux & cpu=x64 & libc=musl
  languageName: node
  linkType: hard

"@rollup/rollup-win32-arm64-msvc@npm:4.13.0":
  version: 4.13.0
  resolution: "@rollup/rollup-win32-arm64-msvc@npm:4.13.0"
  conditions: os=win32 & cpu=arm64
  languageName: node
  linkType: hard

"@rollup/rollup-win32-ia32-msvc@npm:4.13.0":
  version: 4.13.0
  resolution: "@rollup/rollup-win32-ia32-msvc@npm:4.13.0"
  conditions: os=win32 & cpu=ia32
  languageName: node
  linkType: hard

"@rollup/rollup-win32-x64-msvc@npm:4.13.0":
  version: 4.13.0
  resolution: "@rollup/rollup-win32-x64-msvc@npm:4.13.0"
  conditions: os=win32 & cpu=x64
  languageName: node
  linkType: hard

"@types/estree@npm:1.0.5":
  version: 1.0.5
  resolution: "@types/estree@npm:1.0.5"
  checksum: 0735ebe7af7c1fa6e94a5a86f57308fc0f1cc736961f29c079b515e259c4c3830f8503146e466b27d3acdc121e9210fab0bbaf4309b629fb52375297ba11393f
  languageName: node
  linkType: hard

"@types/plotly.js@npm:^2.29.2":
  version: 2.29.2
  resolution: "@types/plotly.js@npm:2.29.2"
  checksum: e143cf8f708033d0b2f24665892b2703aec364263f6e2f21fbac6bc31de800b2f944cd0805dcab29c887ecfad6be6079a1acd305916f93443926c3eee239aeea
  languageName: node
  linkType: hard

"abbrev@npm:^2.0.0":
  version: 2.0.0
  resolution: "abbrev@npm:2.0.0"
  checksum: e407d8fbca2621f0925fdbb73b0901c526d6d469b3c0ea21edf8ccef74464f0d6e1f30442c60e8189fa338322facca3aa9b6dc989ed6ad602aa65720c546261a
  languageName: node
  linkType: hard

"agent-base@npm:^7.0.2, agent-base@npm:^7.1.0":
  version: 7.1.0
  resolution: "agent-base@npm:7.1.0"
  dependencies:
    debug: "npm:^4.3.4"
  checksum: d1c9dc1b33f675df816ef3556c34533dae85f71bea4c22b6e1d4716fdf97cb34d24c1cb9d43fae0a3d148675e1cb8dd3f45813cf3e42139edd6680a77deff660
  languageName: node
  linkType: hard

"aggregate-error@npm:^3.0.0":
  version: 3.1.0
  resolution: "aggregate-error@npm:3.1.0"
  dependencies:
    clean-stack: "npm:^2.0.0"
    indent-string: "npm:^4.0.0"
  checksum: 676b1da86a0ff06a29d9a318109752990c28aae4600f6d094845a679f388a2a246402d993d223165d208122d81823235969132dc09439de2eee50a9f48fa9db9
  languageName: node
  linkType: hard

"ansi-regex@npm:^5.0.1":
  version: 5.0.1
  resolution: "ansi-regex@npm:5.0.1"
  checksum: 627f94ee7fcc5e03186646ebd11ca2ccd954f3cb48fc6a3f42883db6bbf3df5dfba06d62647b2f72c975349fc072c5c44808b7da26d08a9313a7f304acda2efb
  languageName: node
  linkType: hard

"ansi-regex@npm:^6.0.1":
  version: 6.0.1
  resolution: "ansi-regex@npm:6.0.1"
  checksum: 53669c3634190ead828055bcae5f0feff485fd8d7d05538d4f753ad56ffedb7aa5bcc93efaa8e99e4907ad970682413f2407cf4acac8deb1d408bc564bca9027
  languageName: node
  linkType: hard

"ansi-styles@npm:^4.0.0":
  version: 4.3.0
  resolution: "ansi-styles@npm:4.3.0"
  dependencies:
    color-convert: "npm:^2.0.1"
  checksum: d15dab617b78cbc96f10016e929e921ad73695753de4e45a911ecee6e29aa45c71d58f1ffaf8e49889dbe726dbdb2bbe5b4e3a7bf1c517f8740ae83a29b7df25
  languageName: node
  linkType: hard

"ansi-styles@npm:^6.1.0":
  version: 6.2.1
  resolution: "ansi-styles@npm:6.2.1"
  checksum: 86fe3fc999c89775171631b32920d1fbf8adc4225895db376057b5a5e6fdcf837ae994ca08756f0a676c0dd8c74e58a7e87515d1fa16d6fcfffdf9069d579e90
  languageName: node
  linkType: hard

"anymatch@npm:~3.1.2":
  version: 3.1.3
  resolution: "anymatch@npm:3.1.3"
  dependencies:
    normalize-path: "npm:^3.0.0"
    picomatch: "npm:^2.0.4"
  checksum: 0d50ce459783767bb68ce635c0a8f3e7de9843ebd6e6733accd59e13a49421a84944b8be5d68b5acecf74eca767a06229e07cae48151757744618e1a32dda0ed
  languageName: node
  linkType: hard

"balanced-match@npm:^1.0.0":
  version: 1.0.2
  resolution: "balanced-match@npm:1.0.2"
  checksum: 9ca7fca1845f06edbd8478e209a2e8eed5bb148a021719e77affeaf0c61e45af20279e4540a9f11942acc27c078fc132ff0ebc9c16a403033cff5af3d8199f40
  languageName: node
  linkType: hard

"binary-extensions@npm:^2.0.0":
  version: 2.3.0
  resolution: "binary-extensions@npm:2.3.0"
  checksum: 9d80d2a0a7c9e53722e3e379d8b267ab574303301f8946a0ae7bee7c55e485546fe0aba0a14c2d2e661bec55101260331a2ee66183973d0159cdb2c2b1a57cee
  languageName: node
  linkType: hard

"brace-expansion@npm:^2.0.1":
  version: 2.0.1
  resolution: "brace-expansion@npm:2.0.1"
  dependencies:
    balanced-match: "npm:^1.0.0"
  checksum: 0f8d0d6a165d636fed93a7dd9321a5ae122cac9a672d8a9e01997e4ae09743cb3cbfb0a6e6b32303cda0f1f40617e2c0953f28f59a6f01d6d12c9698a3f0e41b
  languageName: node
  linkType: hard

"braces@npm:~3.0.2":
  version: 3.0.2
  resolution: "braces@npm:3.0.2"
  dependencies:
    fill-range: "npm:^7.0.1"
  checksum: 1aa7f7f39e1dff23894196303515503dd945f36adcb78073ee067b421ecc595265556911183b24d1bc4e51011d3536d63d117cb4493e5123fcc7456596a93637
  languageName: node
  linkType: hard

"cacache@npm:^18.0.0":
  version: 18.0.2
  resolution: "cacache@npm:18.0.2"
  dependencies:
    "@npmcli/fs": "npm:^3.1.0"
    fs-minipass: "npm:^3.0.0"
    glob: "npm:^10.2.2"
    lru-cache: "npm:^10.0.1"
    minipass: "npm:^7.0.3"
    minipass-collect: "npm:^2.0.1"
    minipass-flush: "npm:^1.0.5"
    minipass-pipeline: "npm:^1.2.4"
    p-map: "npm:^4.0.0"
    ssri: "npm:^10.0.0"
    tar: "npm:^6.1.11"
    unique-filename: "npm:^3.0.0"
  checksum: 77284d0580fd34899a4f48daadb6ca50b189518f40792dd12ef92837bec6546d14b14d2d7ca59ff819b78d7a6a7125894386e12e55e11b8d4fc718a28e38bbb7
  languageName: node
  linkType: hard

"chokidar@npm:>=3.0.0 <4.0.0":
  version: 3.6.0
  resolution: "chokidar@npm:3.6.0"
  dependencies:
    anymatch: "npm:~3.1.2"
    braces: "npm:~3.0.2"
    fsevents: "npm:~2.3.2"
    glob-parent: "npm:~5.1.2"
    is-binary-path: "npm:~2.1.0"
    is-glob: "npm:~4.0.1"
    normalize-path: "npm:~3.0.0"
    readdirp: "npm:~3.6.0"
  dependenciesMeta:
    fsevents:
      optional: true
  checksum: 0af37e6ac9c6cbe394f212bc52ad7f55bb3e7eca475d69ab7eb3d39c2ce0943a0547ac5cf2271239d78ae04e912cb5affd6b88dae65f4560115e152ee9d0b192
  languageName: node
  linkType: hard

"chownr@npm:^2.0.0":
  version: 2.0.0
  resolution: "chownr@npm:2.0.0"
  checksum: 7b240ff920db951fd3841116c5e0e2ec4750e20c85cd044ea78f636202e1fa47ce0a20d48c3c912edc52ea0f1615aba37bdd6297d3a731b517647ed33c3dee09
  languageName: node
  linkType: hard

"clean-stack@npm:^2.0.0":
  version: 2.2.0
  resolution: "clean-stack@npm:2.2.0"
  checksum: 0a476c914f0a5e9e12b215729e1a633fcbdd47b8c3d508ebe6441f2ef8d5047fdd0800926349dd18253db4bfcab3e48aa0aca1f2e7f5d614f7194778d7851be4
  languageName: node
  linkType: hard

"color-convert@npm:^2.0.1":
  version: 2.0.1
  resolution: "color-convert@npm:2.0.1"
  dependencies:
    color-name: "npm:~1.1.4"
  checksum: bf4d19d12621eae71a531e5b977f46717b15e0d3253f25790f5779b7577124e4d9c4597df05cee79e8f8e8fc14add04e738a659ee4336ee0cc5587ebc3c602e7
  languageName: node
  linkType: hard

"color-name@npm:~1.1.4":
  version: 1.1.4
  resolution: "color-name@npm:1.1.4"
  checksum: 80acf64638343898f5b36825f4c9715ced380e738400b308f3f90ca2327f2f98f0c2cfb1f1a6447f267a2e1d1ea2214f26e948d8acab547e5478e2b0816c7c30
  languageName: node
  linkType: hard

"cross-spawn@npm:^7.0.0":
  version: 7.0.3
  resolution: "cross-spawn@npm:7.0.3"
  dependencies:
    path-key: "npm:^3.1.0"
    shebang-command: "npm:^2.0.0"
    which: "npm:^2.0.1"
  checksum: 37ec685f91f04d4719892f305fa6f632aae256df7f2f3f98d5c36f2197651ad7b77851aaa2d397d19a9555f0fb89fa18f9bb3ff4b440535cc0fb4fe0a72004b9
  languageName: node
  linkType: hard

"debug@npm:4, debug@npm:^4.3.4":
  version: 4.3.4
  resolution: "debug@npm:4.3.4"
  dependencies:
    ms: "npm:2.1.2"
  peerDependenciesMeta:
    supports-color:
      optional: true
  checksum: ab50d98b6f2a0e803379e8f789017f4215efd0e085774623e462c691e9f99bfd359a35f7424ff401da3ea58b31f89ceebc9ea35779b4a94f78b0ee3e235b6640
  languageName: node
  linkType: hard

"eastasianwidth@npm:^0.2.0":
  version: 0.2.0
  resolution: "eastasianwidth@npm:0.2.0"
  checksum: 0b403fab07c8a53488ea6212435f12b8eeec0b0b828554381b333ea1e41104a137cfe812fa83d021ea0270eb6249226bb0dcb61f8f94bed52b943fa2f720542f
  languageName: node
  linkType: hard

"emoji-regex@npm:^8.0.0":
  version: 8.0.0
  resolution: "emoji-regex@npm:8.0.0"
  checksum: 0b84c9059a3f051e3da79112ee450f22bc8466dde2a7e09a0b1fc4eff3b98183596e6e2704d5356266851e2a013d95467421eb81c36408fbab1aeb3fc5e4764f
  languageName: node
  linkType: hard

"emoji-regex@npm:^9.2.2":
  version: 9.2.2
  resolution: "emoji-regex@npm:9.2.2"
  checksum: ef0642d76f5116a04296a85ec167696b91ca8a1373d3cd13ec3acfb0f6a77d4d1c6ce94192ab31f8bad5ca69fbd01b556638fdf389128fea48fb5f6c2c754b45
  languageName: node
  linkType: hard

"encoding@npm:^0.1.13":
  version: 0.1.13
  resolution: "encoding@npm:0.1.13"
  dependencies:
    iconv-lite: "npm:^0.6.2"
  checksum: 954eb7d006c8d466207dcda57ddd15b1d6667607b8da15c7ce400d377504aafcc5e2f5507027cfb045cad7aefd15d18aa3f6e14f3a73ed2b26ad5ff08004536b
  languageName: node
  linkType: hard

"env-paths@npm:^2.2.0":
  version: 2.2.1
  resolution: "env-paths@npm:2.2.1"
  checksum: 528af3898854262b86b3adb5de09e6c81b8c0e3f4f675750282281b86782ddc3c33ffc13598d903d9eb23652f339ded86c994b61fe06e5f9cbb69a191f62244b
  languageName: node
  linkType: hard

"err-code@npm:^2.0.2":
  version: 2.0.3
  resolution: "err-code@npm:2.0.3"
  checksum: 12244d58c3eeb73a5ebf633ff615b2366cedaccfea3c2b4d6a3295f6440661052e9574c71f89d6dc8a5466e3d84be0b1994e2a4017ab10e1f037f8be1ca89a37
  languageName: node
  linkType: hard

"esbuild@npm:^0.19.3":
  version: 0.19.12
  resolution: "esbuild@npm:0.19.12"
  dependencies:
    "@esbuild/aix-ppc64": "npm:0.19.12"
    "@esbuild/android-arm": "npm:0.19.12"
    "@esbuild/android-arm64": "npm:0.19.12"
    "@esbuild/android-x64": "npm:0.19.12"
    "@esbuild/darwin-arm64": "npm:0.19.12"
    "@esbuild/darwin-x64": "npm:0.19.12"
    "@esbuild/freebsd-arm64": "npm:0.19.12"
    "@esbuild/freebsd-x64": "npm:0.19.12"
    "@esbuild/linux-arm": "npm:0.19.12"
    "@esbuild/linux-arm64": "npm:0.19.12"
    "@esbuild/linux-ia32": "npm:0.19.12"
    "@esbuild/linux-loong64": "npm:0.19.12"
    "@esbuild/linux-mips64el": "npm:0.19.12"
    "@esbuild/linux-ppc64": "npm:0.19.12"
    "@esbuild/linux-riscv64": "npm:0.19.12"
    "@esbuild/linux-s390x": "npm:0.19.12"
    "@esbuild/linux-x64": "npm:0.19.12"
    "@esbuild/netbsd-x64": "npm:0.19.12"
    "@esbuild/openbsd-x64": "npm:0.19.12"
    "@esbuild/sunos-x64": "npm:0.19.12"
    "@esbuild/win32-arm64": "npm:0.19.12"
    "@esbuild/win32-ia32": "npm:0.19.12"
    "@esbuild/win32-x64": "npm:0.19.12"
  dependenciesMeta:
    "@esbuild/aix-ppc64":
      optional: true
    "@esbuild/android-arm":
      optional: true
    "@esbuild/android-arm64":
      optional: true
    "@esbuild/android-x64":
      optional: true
    "@esbuild/darwin-arm64":
      optional: true
    "@esbuild/darwin-x64":
      optional: true
    "@esbuild/freebsd-arm64":
      optional: true
    "@esbuild/freebsd-x64":
      optional: true
    "@esbuild/linux-arm":
      optional: true
    "@esbuild/linux-arm64":
      optional: true
    "@esbuild/linux-ia32":
      optional: true
    "@esbuild/linux-loong64":
      optional: true
    "@esbuild/linux-mips64el":
      optional: true
    "@esbuild/linux-ppc64":
      optional: true
    "@esbuild/linux-riscv64":
      optional: true
    "@esbuild/linux-s390x":
      optional: true
    "@esbuild/linux-x64":
      optional: true
    "@esbuild/netbsd-x64":
      optional: true
    "@esbuild/openbsd-x64":
      optional: true
    "@esbuild/sunos-x64":
      optional: true
    "@esbuild/win32-arm64":
      optional: true
    "@esbuild/win32-ia32":
      optional: true
    "@esbuild/win32-x64":
      optional: true
  bin:
    esbuild: bin/esbuild
  checksum: b3f2bd8c4f2d36ec33f31d3db43e9271eb77ec15385cc47be9991c228714e6eb8bc606bc86c83e1b65ddf9c457662b8ef400f0c85b99e65291d9b70fb2406d51
  languageName: node
  linkType: hard

"exponential-backoff@npm:^3.1.1":
  version: 3.1.1
  resolution: "exponential-backoff@npm:3.1.1"
  checksum: b3010284e8d2161f7a2589b92d41299d5bdffa6c79bac7bbfeee239a67627ae8b878e40c408a4419b19afcf9514442c79929cf3bd5f49f7f19ebd54fd2aa306f
  languageName: node
  linkType: hard

"fill-range@npm:^7.0.1":
  version: 7.0.1
  resolution: "fill-range@npm:7.0.1"
  dependencies:
    to-regex-range: "npm:^5.0.1"
  checksum: e5ccb299de8a12ea5dcef663f658933e2fbdf40aeab3e7e5af9132e82d7f6bdd0984ac2e122dc1825707f33917c308bc40b632b852331c900c317c5d64bb7bf0
  languageName: node
  linkType: hard

"foreground-child@npm:^3.1.0":
  version: 3.1.1
  resolution: "foreground-child@npm:3.1.1"
  dependencies:
    cross-spawn: "npm:^7.0.0"
    signal-exit: "npm:^4.0.1"
  checksum: eb24fc60e34157c0f05b8689015dfaff98141484992f06f19ee0b4b069304c337af1caf5478eee42aea846235ce54699bbc530889eccd746bf4da1dc29ba6c32
  languageName: node
  linkType: hard

"fs-minipass@npm:^2.0.0":
  version: 2.1.0
  resolution: "fs-minipass@npm:2.1.0"
  dependencies:
    minipass: "npm:^3.0.0"
  checksum: 56d19f9a034cbef50b7fe846a71ab1a6a7ee7906205f9f18b7c9696e1f6d83c4d708a0196c65536f34e569205664840dd4f97f1286a26148a4c5bf74a67fe8db
  languageName: node
  linkType: hard

"fs-minipass@npm:^3.0.0":
  version: 3.0.3
  resolution: "fs-minipass@npm:3.0.3"
  dependencies:
    minipass: "npm:^7.0.3"
  checksum: 20399bd43d0b52b0fdfeaaa07c25ca0d1d6dd2e0dedd9d15996b041546f06b36483a01798cdc4844df22144b59813726cd438412016eeb3f3e0a33f0a608823c
  languageName: node
  linkType: hard

"fsevents@npm:~2.3.2, fsevents@npm:~2.3.3":
  version: 2.3.3
  resolution: "fsevents@npm:2.3.3"
  dependencies:
    node-gyp: "npm:latest"
  checksum: 78e8273269262cc8912736a7c0be46217e3dc12a1081d077eba52c60f4d01dc8d179fd5d0ad4f82a573c3419caf8ff40cf58a4afdda7836738df4f0896c5e1c0
  conditions: os=darwin
  languageName: node
  linkType: hard

"fsevents@patch:fsevents@npm%3A~2.3.2#optional!builtin<compat/fsevents>, fsevents@patch:fsevents@npm%3A~2.3.3#optional!builtin<compat/fsevents>":
  version: 2.3.3
  resolution: "fsevents@patch:fsevents@npm%3A2.3.3#optional!builtin<compat/fsevents>::version=2.3.3&hash=df0bf1"
  dependencies:
    node-gyp: "npm:latest"
  conditions: os=darwin
  languageName: node
  linkType: hard

"glob-parent@npm:~5.1.2":
  version: 5.1.2
  resolution: "glob-parent@npm:5.1.2"
  dependencies:
    is-glob: "npm:^4.0.1"
  checksum: 2a8fd4de469543f6160dbfff5c59950e39494fc8b692ca7e1d0a5564450dee53228370b43bcfdeda82c2f96b26de618ef8aa5ece28090fcd568c411b6148241d
  languageName: node
  linkType: hard

"glob@npm:^10.2.2, glob@npm:^10.3.10":
  version: 10.3.10
  resolution: "glob@npm:10.3.10"
  dependencies:
    foreground-child: "npm:^3.1.0"
    jackspeak: "npm:^2.3.5"
    minimatch: "npm:^9.0.1"
    minipass: "npm:^5.0.0 || ^6.0.2 || ^7.0.0"
    path-scurry: "npm:^1.10.1"
  bin:
    glob: dist/esm/bin.mjs
  checksum: 47111e73a4085b583af98c76c2ff4937ff93c01bfc8754b9e77e8fd2f8a0dac8d6f1f705ebcc35e04e8d377acef7938b4f1c74a875a985adcb3767f71e3c12c2
  languageName: node
  linkType: hard

"graceful-fs@npm:^4.2.6":
  version: 4.2.11
  resolution: "graceful-fs@npm:4.2.11"
  checksum: 0228fc1080e6cb20d31920aff457e5d44f137b8864220c204b5ba6461d2d46d30361557a4c054373a8c04a03b59c92a42d40230104bb59c5ea737072bc15709c
  languageName: node
  linkType: hard

"http-cache-semantics@npm:^4.1.1":
  version: 4.1.1
  resolution: "http-cache-semantics@npm:4.1.1"
  checksum: 7b4d86f99fb3f07b6a49219420ebdffa077ee99bc5fe1df1f353b84c3d321c767a083a48291afb2fc34a627661b6d54c80a927639a7be9e0c43e8c4f921816bd
  languageName: node
  linkType: hard

"http-proxy-agent@npm:^7.0.0":
  version: 7.0.2
  resolution: "http-proxy-agent@npm:7.0.2"
  dependencies:
    agent-base: "npm:^7.1.0"
    debug: "npm:^4.3.4"
  checksum: b3d0773ccdec3db24193abc516f99bbed8c84bdecc5ac8410767a0240b2720fed3bf907e180c902122ebcc482bad1f27ef75e1f7adf2b14cad984589e0974dbe
  languageName: node
  linkType: hard

"https-proxy-agent@npm:^7.0.1":
  version: 7.0.4
  resolution: "https-proxy-agent@npm:7.0.4"
  dependencies:
    agent-base: "npm:^7.0.2"
    debug: "npm:4"
  checksum: e0776c5a762e3475e094bc3b0a241604c908b5d2f100b86b1d3c6625f2d5854a5513cfe1b7a655b7fa39d962af178b42e0f6b55ba7670dfb7c52708d1e109903
  languageName: node
  linkType: hard

"iconv-lite@npm:^0.6.2":
  version: 0.6.3
  resolution: "iconv-lite@npm:0.6.3"
  dependencies:
    safer-buffer: "npm:>= 2.1.2 < 3.0.0"
  checksum: 14633c984e398011b4cce3d453e6566e4cc1b58f257e6fc48ae39c25a158b926e6cd7ee6023cd84aff12952a7581bd10bd4e7954af802dd5678e83b4cb8fdbba
  languageName: node
  linkType: hard

"immutable@npm:^4.0.0":
  version: 4.3.5
  resolution: "immutable@npm:4.3.5"
  checksum: abe7758c37f70baa1a063a71b84e2c79203f0746aa48c506ebf46b864c71af096c309a8aaaf87df4afeb8701b3462165b0fed2943ccbb8a4b13176e88b39d904
  languageName: node
  linkType: hard

"imurmurhash@npm:^0.1.4":
  version: 0.1.4
  resolution: "imurmurhash@npm:0.1.4"
  checksum: 6e2473e6083063b9f5f21a9586794b3af5b3f87995bcf60cb64f3824a7323c2ae41b4eaf3d7446e20fb66b5f3410094246aa3c52db7585270c8b10f762b8ffa1
  languageName: node
  linkType: hard

"indent-string@npm:^4.0.0":
  version: 4.0.0
  resolution: "indent-string@npm:4.0.0"
  checksum: f4ab9e229c120377a63fce905062e5fdf1c300ca01b72401dda5aa991e8f614fdb2f99fe7cc37ef3234413da4ab43d5a4f905356fdffb9d078e83806d274719c
  languageName: node
  linkType: hard

"ip-address@npm:^9.0.5":
  version: 9.0.5
  resolution: "ip-address@npm:9.0.5"
  dependencies:
    jsbn: "npm:1.1.0"
    sprintf-js: "npm:^1.1.3"
  checksum: 5eddf5d3486ae2895f746aeafc86bbcdb46a18812385f71ee94e5c48410e4f6814d4925e37dd6951f175e0c95916a354ec1b590a0a4c0692d3931f47e3530ad6
  languageName: node
  linkType: hard

"is-binary-path@npm:~2.1.0":
  version: 2.1.0
  resolution: "is-binary-path@npm:2.1.0"
  dependencies:
    binary-extensions: "npm:^2.0.0"
  checksum: f6ed933392b85facdc081bbe3539602ac70cf35fe5d3d7e02da0b9c4bc65fa673d815142f16bf6253de84a561332a680382be1ade1406c89c9102832a571620f
  languageName: node
  linkType: hard

"is-extglob@npm:^2.1.1":
  version: 2.1.1
  resolution: "is-extglob@npm:2.1.1"
  checksum: 226b9f6eee1e7da52f72c98ed4ea7fc71ee3a087b6d1c62655c9a81c601caa2fd98b9f9be42fb8163eef2720cdbf046bc7c5548a76755651e540f4b08ff3b120
  languageName: node
  linkType: hard

"is-fullwidth-code-point@npm:^3.0.0":
  version: 3.0.0
  resolution: "is-fullwidth-code-point@npm:3.0.0"
  checksum: c06b5792b82dcdedb41858cdb07ca4ae5b9a853ad65c91529533221f384d751bedd8ad8db5a527cb219fd989c32a0faa0833312b6a190fe597acdd23165ef724
  languageName: node
  linkType: hard

"is-glob@npm:^4.0.1, is-glob@npm:~4.0.1":
  version: 4.0.3
  resolution: "is-glob@npm:4.0.3"
  dependencies:
    is-extglob: "npm:^2.1.1"
  checksum: 0b2f6c06162a1d6c764b2f1cf0f2617b6e0cb1e8125c0e3b7e838a3e06caac81268ab3c0a4699052df59229c99e8a1dd0217b30476d7643a37fa17a49f1b50af
  languageName: node
  linkType: hard

"is-lambda@npm:^1.0.1":
  version: 1.0.1
  resolution: "is-lambda@npm:1.0.1"
  checksum: 8e761e558bf60bd3682648e6ecb6333e9ad9c5a6fef2a9ca879deef1a40478e5f7e18999fc3630ef8b879cf00bc0248ffa5616aa4251917a7f87f066841310aa
  languageName: node
  linkType: hard

"is-number@npm:^7.0.0":
  version: 7.0.0
  resolution: "is-number@npm:7.0.0"
  checksum: 748df55ae14cc960b090a7611932940df9fa703b7e0fb4f73943b4eb94c4b5391f27ba3881fab8f5bf7a2f097490e812db0d58d05c92154e70fdf14f93d6fa95
  languageName: node
  linkType: hard

"isexe@npm:^2.0.0":
  version: 2.0.0
  resolution: "isexe@npm:2.0.0"
  checksum: b37fe0a7983c0c151c7b31ca716405aaea190ac9cd6ef3f79355f4afb043ed4d3182a6addd73b20df7a0b229269737ad0daf64116821a048bfbe6b8fb7eb842c
  languageName: node
  linkType: hard

"isexe@npm:^3.1.1":
  version: 3.1.1
  resolution: "isexe@npm:3.1.1"
  checksum: a0746121d7776e5c625ecfacfa5673f8deef76405926c6b9285b30864df1b4289394c0286a53fd8af9d3600477c6400f79cae459e5f44dfe0daf4511eec36ce9
  languageName: node
  linkType: hard

"jackspeak@npm:^2.3.5":
  version: 2.3.6
  resolution: "jackspeak@npm:2.3.6"
  dependencies:
    "@isaacs/cliui": "npm:^8.0.2"
    "@pkgjs/parseargs": "npm:^0.11.0"
  dependenciesMeta:
    "@pkgjs/parseargs":
      optional: true
  checksum: 19bc339b2c9dbc393965fe2edc8c633638561e63b5dc10234aa2505b9a1cb5cf3ec79ba0bd0938f97735885d5f5ef42d0107ee1943330681d4387fe26d0b4ced
  languageName: node
  linkType: hard

"jsbn@npm:1.1.0":
  version: 1.1.0
  resolution: "jsbn@npm:1.1.0"
  checksum: e7ca1d26ebebfe6c6d47e4165b182d2ce819a6adce916fe31107511d63e011ba56d10a902bbe708de4388cdf5abfa807de2e9284d10fb64c18789b3c1726b456
  languageName: node
  linkType: hard

"lru-cache@npm:^10.0.1, lru-cache@npm:^9.1.1 || ^10.0.0":
  version: 10.2.0
  resolution: "lru-cache@npm:10.2.0"
  checksum: 164fa3e4f0e1cb1f5aecc30360e2e5f173ba30088173cf88a0476e2622edb96aa881dbbea4fef044fa9bdb46d3985640e1b66a0069fbdbe2c7357008c600dbeb
  languageName: node
  linkType: hard

"lru-cache@npm:^6.0.0":
  version: 6.0.0
  resolution: "lru-cache@npm:6.0.0"
  dependencies:
    yallist: "npm:^4.0.0"
  checksum: b2d72088dd27df27189607554990b0fd31d3fbd4037df909ef66f48a14122baf8ffce7f33edc17e6543ea7cd71fa561136518355dde2ad57676fa0b2ea53b85f
  languageName: node
  linkType: hard

"make-fetch-happen@npm:^13.0.0":
  version: 13.0.0
  resolution: "make-fetch-happen@npm:13.0.0"
  dependencies:
    "@npmcli/agent": "npm:^2.0.0"
    cacache: "npm:^18.0.0"
    http-cache-semantics: "npm:^4.1.1"
    is-lambda: "npm:^1.0.1"
    minipass: "npm:^7.0.2"
    minipass-fetch: "npm:^3.0.0"
    minipass-flush: "npm:^1.0.5"
    minipass-pipeline: "npm:^1.2.4"
    negotiator: "npm:^0.6.3"
    promise-retry: "npm:^2.0.1"
    ssri: "npm:^10.0.0"
  checksum: 9ae2612e94bbe209fb9f7182e905486900842173954b9c66fff03a7b25dcccf9edcca5ffe6f7da184dde4d3a399971fbb03f84011506f414693a2185f3093d53
  languageName: node
  linkType: hard

"minimatch@npm:^9.0.1":
  version: 9.0.3
  resolution: "minimatch@npm:9.0.3"
  dependencies:
    brace-expansion: "npm:^2.0.1"
  checksum: ddf78ca17db5eec90bd35e9ae38155785c96736cca8fa133a1494be46aa481348903790ec8a0e65b413d18cb4d1d8b97ca9c87ad3c2dab4444d7a5e738c441bb
  languageName: node
  linkType: hard

"minipass-collect@npm:^2.0.1":
  version: 2.0.1
  resolution: "minipass-collect@npm:2.0.1"
  dependencies:
    minipass: "npm:^7.0.3"
  checksum: e162a0eae5b950484d42c752ed105e45c1da80e764a5d4d5248897a9f410e913fd72d93f044c2fc86430fb36ac7fa9c4340830fd77702b06bed8811658fedfd3
  languageName: node
  linkType: hard

"minipass-fetch@npm:^3.0.0":
  version: 3.0.4
  resolution: "minipass-fetch@npm:3.0.4"
  dependencies:
    encoding: "npm:^0.1.13"
    minipass: "npm:^7.0.3"
    minipass-sized: "npm:^1.0.3"
    minizlib: "npm:^2.1.2"
  dependenciesMeta:
    encoding:
      optional: true
  checksum: 6543f0eccdde517ab6349563a60d6373383bb9a45e27b89e1ab917e6fc32e4084636523a375aeb4e49e4ff483b132e22fae52f042288b63cd010e5d207dd9f55
  languageName: node
  linkType: hard

"minipass-flush@npm:^1.0.5":
  version: 1.0.5
  resolution: "minipass-flush@npm:1.0.5"
  dependencies:
    minipass: "npm:^3.0.0"
  checksum: 6e851bd0640e5406633b0aa77e889d4175eb3d12b55173e999e6dd1fc06ed13982277e012d6f41dc28a2167278d9480697893f6cd286c46c10fdfd735e05d45d
  languageName: node
  linkType: hard

"minipass-pipeline@npm:^1.2.4":
  version: 1.2.4
  resolution: "minipass-pipeline@npm:1.2.4"
  dependencies:
    minipass: "npm:^3.0.0"
  checksum: 07dd09bf3c6f546ef407e7a36bca4cd2235d54695c083dc5815052e36cbdd46e55a7c0dae2801983c73257adc7aa613e375c8350587bc50a6a10e1a6b55f9965
  languageName: node
  linkType: hard

"minipass-sized@npm:^1.0.3":
  version: 1.0.3
  resolution: "minipass-sized@npm:1.0.3"
  dependencies:
    minipass: "npm:^3.0.0"
  checksum: 54591ac7e54571e91df602e3c1018f4048ee12a3407dfab8140e0b03cb149c16ae67e94d36682c0869a683b8443470e354dba123ea83914c87ff22d8d8628fea
  languageName: node
  linkType: hard

"minipass@npm:^3.0.0":
  version: 3.3.6
  resolution: "minipass@npm:3.3.6"
  dependencies:
    yallist: "npm:^4.0.0"
  checksum: 9704cf677a05e82174c1a0765260f877ce3b4f09858b6c80a07a38a41ff661a2913a482f82faa73b89fc23ee3bcc4cff04d7e8ce6951de4fc2c2108d360b6f1f
  languageName: node
  linkType: hard

"minipass@npm:^5.0.0":
  version: 5.0.0
  resolution: "minipass@npm:5.0.0"
  checksum: dac2e1960990ca7c288834e7311e029828d9ae4c90fdabae95a3ea269592871feaa755a1ef9241d487e6fe59d86a43e1d8bac41c47f13c3c0add0799ab500a0b
  languageName: node
  linkType: hard

"minipass@npm:^5.0.0 || ^6.0.2 || ^7.0.0, minipass@npm:^7.0.2, minipass@npm:^7.0.3":
  version: 7.0.4
  resolution: "minipass@npm:7.0.4"
  checksum: ac50fdf5fe77b3b2c9fe1019633cf596bfddff7e9c3b013766257f36c7fe3a03a5d69fabd7ecd1e2f4f7852448f9becea4703e7507a9ced9e1a4618151ae4c5d
  languageName: node
  linkType: hard

"minizlib@npm:^2.1.1, minizlib@npm:^2.1.2":
  version: 2.1.2
  resolution: "minizlib@npm:2.1.2"
  dependencies:
    minipass: "npm:^3.0.0"
    yallist: "npm:^4.0.0"
  checksum: c0071edb242d6808652840614193316e82d012b79ff1997352de3df1c19b7580d3d4790c462c8506b1f4225f08162ebba88ebceb1529d168304b06b23757e88d
  languageName: node
  linkType: hard

"mkdirp@npm:^1.0.3":
  version: 1.0.4
  resolution: "mkdirp@npm:1.0.4"
  bin:
    mkdirp: bin/cmd.js
  checksum: 123361119829ab8115234f36ed8ef8f697b0f6f83ec9f9bc8f76da587487976d74bc874ffa892e7a66df607fa8f2cc758eed8db225e9cd3a84846350209e53db
  languageName: node
  linkType: hard

"ms@npm:2.1.2":
  version: 2.1.2
  resolution: "ms@npm:2.1.2"
  checksum: 3f46af60a08158f1c77746c06c2f6c7aba7feddafd41335f9baa2d7e0741d7539774aa7d5d1661a7f2b7eed55a7063771297eea016051924dbb04d4c2bf40bcb
  languageName: node
  linkType: hard

"nanoid@npm:^3.3.7":
  version: 3.3.7
  resolution: "nanoid@npm:3.3.7"
  bin:
    nanoid: bin/nanoid.cjs
  checksum: a8844cf563f0e91174e12b960d602847c5557bd44e880fec501f747e2ab2da1653a9b6acb514aa524c942fe3a19b18f47f3acf58a3ee6fd22fd17e47608da3aa
  languageName: node
  linkType: hard

"negotiator@npm:^0.6.3":
  version: 0.6.3
  resolution: "negotiator@npm:0.6.3"
  checksum: d8e3b42d99638b1f363ce114c98e6906ade395c230058e50644417bd398b01381133dbca4bc49f30f6b1c93254e4b5a2d50cc47adcdabf2a8476b6f16311ad5d
  languageName: node
  linkType: hard

"node-gyp@npm:latest":
  version: 10.0.1
  resolution: "node-gyp@npm:10.0.1"
  dependencies:
    env-paths: "npm:^2.2.0"
    exponential-backoff: "npm:^3.1.1"
    glob: "npm:^10.3.10"
    graceful-fs: "npm:^4.2.6"
    make-fetch-happen: "npm:^13.0.0"
    nopt: "npm:^7.0.0"
    proc-log: "npm:^3.0.0"
    semver: "npm:^7.3.5"
    tar: "npm:^6.1.2"
    which: "npm:^4.0.0"
  bin:
    node-gyp: bin/node-gyp.js
  checksum: 7672eaf023c44308274270d6babaf2f5a857ae61b9b0ba973484b8a2a9712ed62d77c310d0ab7ed43b4159659268d480a7019f4762d5a65080154e602fe22f86
  languageName: node
  linkType: hard

"nopt@npm:^7.0.0":
  version: 7.2.0
  resolution: "nopt@npm:7.2.0"
  dependencies:
    abbrev: "npm:^2.0.0"
  bin:
    nopt: bin/nopt.js
  checksum: 443959b467d23723a1e14aba8e2b5531cb0db1b4be168c389e2d444c0188dfa4c687888bb8df19e2e9bc336c6a08188137291913f5071cf1c24136f3cb49caaf
  languageName: node
  linkType: hard

"normalize-path@npm:^3.0.0, normalize-path@npm:~3.0.0":
  version: 3.0.0
  resolution: "normalize-path@npm:3.0.0"
  checksum: 66de83885051c8a7266566cb175281ec583e3d66b5054c744b46a0eebc4eaac1e1d74c640aaf72144086a9661aa60e89ac0b5c92eb76608e5b8a5056dbcf9e27
  languageName: node
  linkType: hard

"p-map@npm:^4.0.0":
  version: 4.0.0
  resolution: "p-map@npm:4.0.0"
  dependencies:
    aggregate-error: "npm:^3.0.0"
  checksum: 619df8954fe81933903bc760e9884d85540ef7e8f6c24c4e28e2c8f0ad14d480bb7d4541787eee2e2d61aa0fae8b54abc42f7afc35db457884e589386e78a922
  languageName: node
  linkType: hard

"path-key@npm:^3.1.0":
  version: 3.1.1
  resolution: "path-key@npm:3.1.1"
  checksum: 93ee8a32e3be43548ece14eba2620bf5164884d0cc1aa3615d136567a39e02066c9b5aeb5b6747d766af55936151c95d9371ba46d4fcf361db9691505650c001
  languageName: node
  linkType: hard

"path-scurry@npm:^1.10.1":
  version: 1.10.1
  resolution: "path-scurry@npm:1.10.1"
  dependencies:
    lru-cache: "npm:^9.1.1 || ^10.0.0"
    minipass: "npm:^5.0.0 || ^6.0.2 || ^7.0.0"
  checksum: 27512ed33f02818c608d719ca7b18cc038341b09b76aefa6830c8f39a7a5966f412efe7a9fc92a5d426f11d3040df78f10ed5eb319665cf856c69892c3098ed6
  languageName: node
  linkType: hard

"picocolors@npm:^1.0.0":
  version: 1.0.0
  resolution: "picocolors@npm:1.0.0"
  checksum: 447e1f6e4953522a3947f2effa93dca66f2436a7c275327ba1a7fb526eab369fc9847d77ebcd734dc483322256f34b431e93a325e44726e4ec390c11cc7f5c87
  languageName: node
  linkType: hard

"picomatch@npm:^2.0.4, picomatch@npm:^2.2.1":
  version: 2.3.1
  resolution: "picomatch@npm:2.3.1"
  checksum: 6ba5938c24af2c5918e94b39aa0ad48d71f2c30634de69d46e0bd32feb666de4e909406db6ffb78f98d39ef450d6a41b6fa3954dc3659d7b2b750766c1261e5e
  languageName: node
  linkType: hard

"plotly-informs@workspace:.":
  version: 0.0.0-use.local
  resolution: "plotly-informs@workspace:."
  dependencies:
    "@types/plotly.js": "npm:^2.29.2"
    plotly.js-dist-min: "npm:^2.30.1"
    sass: "npm:^1.72.0"
    vite: "npm:^5.1.6"
  languageName: unknown
  linkType: soft

"plotly.js-dist-min@npm:^2.30.1":
  version: 2.30.1
  resolution: "plotly.js-dist-min@npm:2.30.1"
  checksum: 33da30df28b54809677760eea6e30d4d1d74f5849ec0d04698fb087812df9a1b1c3fc7e09c175a70352d6a8cb64d8d2d4179065a9ecce165505853e223d65aa1
  languageName: node
  linkType: hard

"postcss@npm:^8.4.35":
  version: 8.4.36
  resolution: "postcss@npm:8.4.36"
  dependencies:
    nanoid: "npm:^3.3.7"
    picocolors: "npm:^1.0.0"
    source-map-js: "npm:^1.1.0"
  checksum: e2ab074b696818ade6e0855b09128d23c43a3bebd4d1db8f73c7aa8a979c52e190ce359037f01d8759da916a72f8a773940660904852c890b200b3c47c7a5902
  languageName: node
  linkType: hard

"proc-log@npm:^3.0.0":
  version: 3.0.0
  resolution: "proc-log@npm:3.0.0"
  checksum: 01dab9736cc7cce1a1d17e3e3b801322729ff3a7aaa2c8aff7182d051bb5fe192d653aaf29958ca157d6c31b58708f1012d4a8f2b19586a7db93394d9ff19fc9
  languageName: node
  linkType: hard

"promise-retry@npm:^2.0.1":
  version: 2.0.1
  resolution: "promise-retry@npm:2.0.1"
  dependencies:
    err-code: "npm:^2.0.2"
    retry: "npm:^0.12.0"
  checksum: cbff149b3327554f3613196ca300a77aefac289624148c37e5c9236242931691a4ba0a76fd1c6171e6a3e6a2b1edfa2acdf122004857e6f3e3efd1be29df6cd2
  languageName: node
  linkType: hard

"readdirp@npm:~3.6.0":
  version: 3.6.0
  resolution: "readdirp@npm:3.6.0"
  dependencies:
    picomatch: "npm:^2.2.1"
  checksum: 9dea77bef6b47b7c7553da4b5f30606449b49cf2aa043de23e22bee909c2d26c97630b8f8fa43775e318731c5a208d2063a10d3c788a3b0e1a9e32c5ab5fe790
  languageName: node
  linkType: hard

"retry@npm:^0.12.0":
  version: 0.12.0
  resolution: "retry@npm:0.12.0"
  checksum: 1c3616bdf89aa6f887bcca2b86603c255f4b497577f6a54f33262f4f314b8516d65e251f717b45e2a5ec234359999015a9e2263b38467544188210327e638ac3
  languageName: node
  linkType: hard

"rollup@npm:^4.2.0":
  version: 4.13.0
  resolution: "rollup@npm:4.13.0"
  dependencies:
    "@rollup/rollup-android-arm-eabi": "npm:4.13.0"
    "@rollup/rollup-android-arm64": "npm:4.13.0"
    "@rollup/rollup-darwin-arm64": "npm:4.13.0"
    "@rollup/rollup-darwin-x64": "npm:4.13.0"
    "@rollup/rollup-linux-arm-gnueabihf": "npm:4.13.0"
    "@rollup/rollup-linux-arm64-gnu": "npm:4.13.0"
    "@rollup/rollup-linux-arm64-musl": "npm:4.13.0"
    "@rollup/rollup-linux-riscv64-gnu": "npm:4.13.0"
    "@rollup/rollup-linux-x64-gnu": "npm:4.13.0"
    "@rollup/rollup-linux-x64-musl": "npm:4.13.0"
    "@rollup/rollup-win32-arm64-msvc": "npm:4.13.0"
    "@rollup/rollup-win32-ia32-msvc": "npm:4.13.0"
    "@rollup/rollup-win32-x64-msvc": "npm:4.13.0"
    "@types/estree": "npm:1.0.5"
    fsevents: "npm:~2.3.2"
  dependenciesMeta:
    "@rollup/rollup-android-arm-eabi":
      optional: true
    "@rollup/rollup-android-arm64":
      optional: true
    "@rollup/rollup-darwin-arm64":
      optional: true
    "@rollup/rollup-darwin-x64":
      optional: true
    "@rollup/rollup-linux-arm-gnueabihf":
      optional: true
    "@rollup/rollup-linux-arm64-gnu":
      optional: true
    "@rollup/rollup-linux-arm64-musl":
      optional: true
    "@rollup/rollup-linux-riscv64-gnu":
      optional: true
    "@rollup/rollup-linux-x64-gnu":
      optional: true
    "@rollup/rollup-linux-x64-musl":
      optional: true
    "@rollup/rollup-win32-arm64-msvc":
      optional: true
    "@rollup/rollup-win32-ia32-msvc":
      optional: true
    "@rollup/rollup-win32-x64-msvc":
      optional: true
    fsevents:
      optional: true
  bin:
    rollup: dist/bin/rollup
  checksum: 487b417e7e01148e2791ba217616baa2494ffe63bf018db22aa3f746b69bf8059209689d175570054d775b6c01fa4ba47d2be7ce1057d60ad7c5dafc0058eae2
  languageName: node
  linkType: hard

"safer-buffer@npm:>= 2.1.2 < 3.0.0":
  version: 2.1.2
  resolution: "safer-buffer@npm:2.1.2"
  checksum: d4199666e9e792968c0b88c2c35dd400f56d3eecb9affbcf5207922822eadf30cc06995bae3c5d0a653851bbd40fc0af578bf046bbf734199ce22433ba4da659
  languageName: node
  linkType: hard

"sass@npm:^1.72.0":
  version: 1.72.0
  resolution: "sass@npm:1.72.0"
  dependencies:
    chokidar: "npm:>=3.0.0 <4.0.0"
    immutable: "npm:^4.0.0"
    source-map-js: "npm:>=0.6.2 <2.0.0"
  bin:
    sass: sass.js
  checksum: 04197e1aa18aa606bd62786685db782538e7379869583e4a5d65b12f7affc4caa4d7c944357cfc548bf867e9e9202b60e770a270d05a2da89967a8e775b61e13
  languageName: node
  linkType: hard

"semver@npm:^7.3.5":
  version: 7.6.0
  resolution: "semver@npm:7.6.0"
  dependencies:
    lru-cache: "npm:^6.0.0"
  bin:
    semver: bin/semver.js
  checksum: 71195320436051bd45f881d2adc8e79442b4ca22e5679b754e523c07e437f4af2ca5fdeb96512b1d371c4ac697f82c60b6c42aadbcf62c9885f5a1895b2ceb56
  languageName: node
  linkType: hard

"shebang-command@npm:^2.0.0":
  version: 2.0.0
  resolution: "shebang-command@npm:2.0.0"
  dependencies:
    shebang-regex: "npm:^3.0.0"
  checksum: 5907a8d5facbefbd4dc8d21778d2136d5d22d61b5526452d92d46662614f0ed57090e7adf7184fe9d2d5ef75af9f05d7573437e10b37f2e6fdeeeb5f59fd9ada
  languageName: node
  linkType: hard

"shebang-regex@npm:^3.0.0":
  version: 3.0.0
  resolution: "shebang-regex@npm:3.0.0"
  checksum: 6be1588a86ed74d05481d09a6ef6a8db44550fda9785ae08c3df06717abc2e5e9a11804b1d0ac9b0641870c5ebf545e18c8d348bc105ba09227e6a32415ea1d6
  languageName: node
  linkType: hard

"signal-exit@npm:^4.0.1":
  version: 4.1.0
  resolution: "signal-exit@npm:4.1.0"
  checksum: 9925c47b50001235a771dd98519f2a5a52689d022c6554806d62e46cb53ed1aefcdaa151a10e30261e2ae24c1f53c9b3ee6c9f3e4dd428fbf3be7d46220c82f0
  languageName: node
  linkType: hard

"smart-buffer@npm:^4.2.0":
  version: 4.2.0
  resolution: "smart-buffer@npm:4.2.0"
  checksum: 898a5ce4651108164625916aa54b6f7c13e86279a31dd321737d27c4b795cfaaeb1c30417f8809029d80d20710d8a5045998afd35e0f1080b32648f5670aa99b
  languageName: node
  linkType: hard

"socks-proxy-agent@npm:^8.0.1":
  version: 8.0.2
  resolution: "socks-proxy-agent@npm:8.0.2"
  dependencies:
    agent-base: "npm:^7.0.2"
    debug: "npm:^4.3.4"
    socks: "npm:^2.7.1"
  checksum: ea319bb9d690fe482dfefa9de3145bb4c7a148c0c79664aaaae18bf150e47d9ef208f5fb0d415e7bea0adffd04b7a06db2303b59428aff6b5f2dedbed9084f9f
  languageName: node
  linkType: hard

"socks@npm:^2.7.1":
  version: 2.8.1
  resolution: "socks@npm:2.8.1"
  dependencies:
    ip-address: "npm:^9.0.5"
    smart-buffer: "npm:^4.2.0"
  checksum: 35659264c1479a367077b03b1791c7196e06dae5260a0ddbcc5724d352c7c1070c909c33de850501070f93c058feef7d39d0d5447fd174fc273d5b1577fc7749
  languageName: node
  linkType: hard

"source-map-js@npm:>=0.6.2 <2.0.0, source-map-js@npm:^1.1.0":
  version: 1.1.0
  resolution: "source-map-js@npm:1.1.0"
  checksum: 948a94735398fdd9765cf1fcbcdd1f49f3b00807cd97e4c11b86bb8e158eb3c41886fac324af199c438b57ce2a8b834c28d1d33970dc462df6094cd0cb3ac381
  languageName: node
  linkType: hard

"sprintf-js@npm:^1.1.3":
  version: 1.1.3
  resolution: "sprintf-js@npm:1.1.3"
  checksum: c36590209857beef1020a51cc1fe892f36fc97434f44451e8595dc496b274ebc68fc079e24994749cd13d0143f7a8ad187b7e07e2991d301cc163cd95632fa9e
  languageName: node
  linkType: hard

"ssri@npm:^10.0.0":
  version: 10.0.5
  resolution: "ssri@npm:10.0.5"
  dependencies:
    minipass: "npm:^7.0.3"
  checksum: 22cfefba1f6d2963c08b448f12390c0d085d453b6c8ef9c56ae3f66132defcfb948a5e0b0fa71d07d3a9032d363623897ac387985fcd31563e7022133a1e82c4
  languageName: node
  linkType: hard

"string-width-cjs@npm:string-width@^4.2.0, string-width@npm:^4.1.0":
  version: 4.2.3
  resolution: "string-width@npm:4.2.3"
  dependencies:
    emoji-regex: "npm:^8.0.0"
    is-fullwidth-code-point: "npm:^3.0.0"
    strip-ansi: "npm:^6.0.1"
  checksum: aa0f3e082b461e0dc8c54334ef2c748b777e7529c34d348ee16e69690da45e24f223804d94060633126462e2aa4906d6fbfab882f34036a9f4ccd3dbcd2d6931
  languageName: node
  linkType: hard

"string-width@npm:^5.0.1, string-width@npm:^5.1.2":
  version: 5.1.2
  resolution: "string-width@npm:5.1.2"
  dependencies:
    eastasianwidth: "npm:^0.2.0"
    emoji-regex: "npm:^9.2.2"
    strip-ansi: "npm:^7.0.1"
  checksum: cb2b2392bfd8114452b7adbe578d0472d706e01792a6b7cd35f15fe3afbda37fa26348cb984d01acebd5f9ccdb0e62a0c57cc0ec1fc7c2a5d01ef83e5afd8807
  languageName: node
  linkType: hard

"strip-ansi-cjs@npm:strip-ansi@^6.0.1, strip-ansi@npm:^6.0.0, strip-ansi@npm:^6.0.1":
  version: 6.0.1
  resolution: "strip-ansi@npm:6.0.1"
  dependencies:
    ansi-regex: "npm:^5.0.1"
  checksum: 056ca08f8097351060572eee207ec66247937d7248780a3d643b5eed7d6b5ca6a0990a4f921ffd329e8e9b66427a384237892ac3cb47463adf7d040b154084ec
  languageName: node
  linkType: hard

"strip-ansi@npm:^7.0.1":
  version: 7.1.0
  resolution: "strip-ansi@npm:7.1.0"
  dependencies:
    ansi-regex: "npm:^6.0.1"
  checksum: 09f81cbad0ac6e3dbe1c425429135432e91b1a61b7799587cb38aa24fb661aa5a83eaaf579e241ac1a4cac39fee97501c15226099728e56759abc6846b51917a
  languageName: node
  linkType: hard

"tar@npm:^6.1.11, tar@npm:^6.1.2":
  version: 6.2.0
  resolution: "tar@npm:6.2.0"
  dependencies:
    chownr: "npm:^2.0.0"
    fs-minipass: "npm:^2.0.0"
    minipass: "npm:^5.0.0"
    minizlib: "npm:^2.1.1"
    mkdirp: "npm:^1.0.3"
    yallist: "npm:^4.0.0"
  checksum: ef65f03545cd610c68d0d7bfe616fd0ad60a46e8c631e612a251cc9e519b9c9ab0c071a6d792769cf05b299087ee4da8a5683793b27ee854c7214bce8958fccf
  languageName: node
  linkType: hard

"to-regex-range@npm:^5.0.1":
  version: 5.0.1
  resolution: "to-regex-range@npm:5.0.1"
  dependencies:
    is-number: "npm:^7.0.0"
  checksum: 16564897c76bbd25bd3c375ee8d4b1fd3ac965fc4ab550ff034a1dddb53816ec06dc27095468394ad4de5978d5e831a9d1ae4cb31080dc4ebd9ba80a47dc1a4f
  languageName: node
  linkType: hard

"unique-filename@npm:^3.0.0":
  version: 3.0.0
  resolution: "unique-filename@npm:3.0.0"
  dependencies:
    unique-slug: "npm:^4.0.0"
  checksum: 2624a9c87c31ef208bec3ffede4728770b0f8b1c056e546c7f89403ce55bac2f44d02d501ca4c20f853b7c67001ce4d8fb36d0750a58451b03ed85811ef80c77
  languageName: node
  linkType: hard

"unique-slug@npm:^4.0.0":
  version: 4.0.0
  resolution: "unique-slug@npm:4.0.0"
  dependencies:
    imurmurhash: "npm:^0.1.4"
  checksum: 4ba7a8d96a490850f9f5b80fd0f5958ce9369aac12c659405885ab9f1c6b908315cfeef218fed65966160dd9ca811eaa8ca6271f95adf5f70493891e9d852d8f
  languageName: node
  linkType: hard

"vite@npm:^5.1.6":
  version: 5.1.6
  resolution: "vite@npm:5.1.6"
  dependencies:
    esbuild: "npm:^0.19.3"
    fsevents: "npm:~2.3.3"
    postcss: "npm:^8.4.35"
    rollup: "npm:^4.2.0"
  peerDependencies:
    "@types/node": ^18.0.0 || >=20.0.0
    less: "*"
    lightningcss: ^1.21.0
    sass: "*"
    stylus: "*"
    sugarss: "*"
    terser: ^5.4.0
  dependenciesMeta:
    fsevents:
      optional: true
  peerDependenciesMeta:
    "@types/node":
      optional: true
    less:
      optional: true
    lightningcss:
      optional: true
    sass:
      optional: true
    stylus:
      optional: true
    sugarss:
      optional: true
    terser:
      optional: true
  bin:
    vite: bin/vite.js
  checksum: 7cec4db84d78cc917833fde7babef5907044942108d603a4cdf89222e768709ad7fa83eff6cdd40ac6c453f0e39f4b44a93a9e68ce466999af7eb819539a7f41
  languageName: node
  linkType: hard

"which@npm:^2.0.1":
  version: 2.0.2
  resolution: "which@npm:2.0.2"
  dependencies:
    isexe: "npm:^2.0.0"
  bin:
    node-which: ./bin/node-which
  checksum: 3728616c789b289c36ba2572887145e0736f06fe3435b8fef17e27eb5ec0696f61a21e356dd7fa58486346e57186863afa1b6c27c7665f7e674c8124f7f61157
  languageName: node
  linkType: hard

"which@npm:^4.0.0":
  version: 4.0.0
  resolution: "which@npm:4.0.0"
  dependencies:
    isexe: "npm:^3.1.1"
  bin:
    node-which: bin/which.js
  checksum: 7be4b41fa5a747a8cd65bca72b16ee3d33175c1c34a67fc05776ebed3fbb4c0ad63e3c19f64c4f084162568689e74e695308c4df68ba5c92d2d36eb0188b1acf
  languageName: node
  linkType: hard

"wrap-ansi-cjs@npm:wrap-ansi@^7.0.0":
  version: 7.0.0
  resolution: "wrap-ansi@npm:7.0.0"
  dependencies:
    ansi-styles: "npm:^4.0.0"
    string-width: "npm:^4.1.0"
    strip-ansi: "npm:^6.0.0"
  checksum: b72e4a1ebd582221c3d7eae2473c7841af1fd435defe08bb3854600013ced559b10efa767b4fdc6725402ab16b79f86f73e5d4edc7cf9214e15733ee34849aa0
  languageName: node
  linkType: hard

"wrap-ansi@npm:^8.1.0":
  version: 8.1.0
  resolution: "wrap-ansi@npm:8.1.0"
  dependencies:
    ansi-styles: "npm:^6.1.0"
    string-width: "npm:^5.0.1"
    strip-ansi: "npm:^7.0.1"
  checksum: f8df96ddeeb43e497c86085f8b009fd374e046aef37d731d13037dbabc2f3d2ba84aa8e583bdff3011b8ef5274a53832d65bb7dd44b30c033e96ef3d0bb72b57
  languageName: node
  linkType: hard

"yallist@npm:^4.0.0":
  version: 4.0.0
  resolution: "yallist@npm:4.0.0"
  checksum: cd7fe32508c6942d8b979278fbe13846fe88cd6840d78043d08c6b2c74d67ce38b58bd21618dca8a4e132dcc025fc0e66a7d87ca10cf6ed338465607ebff4378
  languageName: node
  linkType: hard
